
Microsoft Visual Studio Solution File, Format Version 12.00
# Visual Studio 15
VisualStudioVersion = 15.0.27004.2006
MinimumVisualStudioVersion = 10.0.40219.1
Project("{FAE04EC0-301F-11D3-BF4B-00C04F79EFBC}") = "NY", "NY\NY.csproj", "{27F61486-3D73-4523-908E-A4078CAA4E97}"
EndProject
Global
	GlobalSection(SolutionConfigurationPlatforms) = preSolution
		Debug|Any CPU = Debug|Any CPU
		Release|Any CPU = Release|Any CPU
	EndGlobalSection
	GlobalSection(ProjectConfigurationPlatforms) = postSolution
		{27F61486-3D73-4523-908E-A4078CAA4E97}.Debug|Any CPU.ActiveCfg = Debug|Any CPU
		{27F61486-3D73-4523-908E-A4078CAA4E97}.Debug|Any CPU.Build.0 = Debug|Any CPU
		{27F61486-3D73-4523-908E-A4078CAA4E97}.Release|Any CPU.ActiveCfg = Release|Any CPU
		{27F61486-3D73-4523-908E-A4078CAA4E97}.Release|Any CPU.Build.0 = Release|Any CPU
	EndGlobalSection
	GlobalSection(SolutionProperties) = preSolution
		HideSolutionNode = FALSE
	EndGlobalSection
	GlobalSection(ExtensibilityGlobals) = postSolution
		SolutionGuid = {E35B520E-1EDE-4127-BC26-97143987D068}
	EndGlobalSection
EndGlobal
